
Microsoft Visual Studio Solution File, Format Version 12.00
# Visual Studio Version 17
VisualStudioVersion = 17.9.34616.47
MinimumVisualStudioVersion = 10.0.40219.1
Project("{8BC9CEB8-8B4A-11D0-8D11-00A0C91BC942}") = "11121115ddf", "11121115ddf\11121115ddf.vcxproj", "{336FEE8E-E3C5-4F05-8DBB-1353088141F4}"
EndProject
Global
	GlobalSection(SolutionConfigurationPlatforms) = preSolution
		Debug|x64 = Debug|x64
		Debug|x86 = Debug|x86
		Release|x64 = Release|x64
		Release|x86 = Release|x86
	EndGlobalSection
	GlobalSection(ProjectConfigurationPlatforms) = postSolution
		{336FEE8E-E3C5-4F05-8DBB-1353088141F4}.Debug|x64.ActiveCfg = Debug|x64
		{336FEE8E-E3C5-4F05-8DBB-1353088141F4}.Debug|x64.Build.0 = Debug|x64
		{336FEE8E-E3C5-4F05-8DBB-1353088141F4}.Debug|x86.ActiveCfg = Debug|Win32
		{336FEE8E-E3C5-4F05-8DBB-1353088141F4}.Debug|x86.Build.0 = Debug|Win32
		{336FEE8E-E3C5-4F05-8DBB-1353088141F4}.Release|x64.ActiveCfg = Release|x64
		{336FEE8E-E3C5-4F05-8DBB-1353088141F4}.Release|x64.Build.0 = Release|x64
		{336FEE8E-E3C5-4F05-8DBB-1353088141F4}.Release|x86.ActiveCfg = Release|Win32
		{336FEE8E-E3C5-4F05-8DBB-1353088141F4}.Release|x86.Build.0 = Release|Win32
	EndGlobalSection
	GlobalSection(SolutionProperties) = preSolution
		HideSolutionNode = FALSE
	EndGlobalSection
	GlobalSection(ExtensibilityGlobals) = postSolution
		SolutionGuid = {01C4E812-3067-4AF4-BAD8-55249B6EFEFA}
	EndGlobalSection
EndGlobal
